
Microsoft Visual Studio Solution File, Format Version 12.00
# Visual Studio Version 17
VisualStudioVersion = 17.7.34024.191
MinimumVisualStudioVersion = 10.0.40219.1
Project("{FAE04EC0-301F-11D3-BF4B-00C04F79EFBC}") = "WebRedis", "WebRedis\WebRedis.csproj", "{6BF26E16-9A59-4E34-B800-56CA97044EF5}"
EndProject
Global
	GlobalSection(SolutionConfigurationPlatforms) = preSolution
		Debug|Any CPU = Debug|Any CPU
		Release|Any CPU = Release|Any CPU
	EndGlobalSection
	GlobalSection(ProjectConfigurationPlatforms) = postSolution
		{6BF26E16-9A59-4E34-B800-56CA97044EF5}.Debug|Any CPU.ActiveCfg = Debug|Any CPU
		{6BF26E16-9A59-4E34-B800-56CA97044EF5}.Debug|Any CPU.Build.0 = Debug|Any CPU
		{6BF26E16-9A59-4E34-B800-56CA97044EF5}.Release|Any CPU.ActiveCfg = Release|Any CPU
		{6BF26E16-9A59-4E34-B800-56CA97044EF5}.Release|Any CPU.Build.0 = Release|Any CPU
	EndGlobalSection
	GlobalSection(SolutionProperties) = preSolution
		HideSolutionNode = FALSE
	EndGlobalSection
	GlobalSection(ExtensibilityGlobals) = postSolution
		SolutionGuid = {B4FD909C-1122-4241-9120-26A0A4CF84FA}
	EndGlobalSection
EndGlobal
